
Microsoft Visual Studio Solution File, Format Version 12.00
# Visual Studio Version 16
VisualStudioVersion = 16.0.31624.102
MinimumVisualStudioVersion = 10.0.40219.1
Project("{FAE04EC0-301F-11D3-BF4B-00C04F79EFBC}") = "Contact Data App", "Contact Data App.csproj", "{E7D65046-C7DC-4693-AE34-5D47C1A9D8FC}"
EndProject
Global
	GlobalSection(SolutionConfigurationPlatforms) = preSolution
		Debug|Any CPU = Debug|Any CPU
		Release|Any CPU = Release|Any CPU
	EndGlobalSection
	GlobalSection(ProjectConfigurationPlatforms) = postSolution
		{E7D65046-C7DC-4693-AE34-5D47C1A9D8FC}.Debug|Any CPU.ActiveCfg = Debug|Any CPU
		{E7D65046-C7DC-4693-AE34-5D47C1A9D8FC}.Debug|Any CPU.Build.0 = Debug|Any CPU
		{E7D65046-C7DC-4693-AE34-5D47C1A9D8FC}.Release|Any CPU.ActiveCfg = Release|Any CPU
		{E7D65046-C7DC-4693-AE34-5D47C1A9D8FC}.Release|Any CPU.Build.0 = Release|Any CPU
	EndGlobalSection
	GlobalSection(SolutionProperties) = preSolution
		HideSolutionNode = FALSE
	EndGlobalSection
	GlobalSection(ExtensibilityGlobals) = postSolution
		SolutionGuid = {DA681686-4698-4CE8-9FE9-5CBF9BCC89F5}
	EndGlobalSection
EndGlobal
